// !$*UTF8*$!
{
	archiveVersion = 1;
	classes = {
	};
	objectVersion = 56;
	objects = {

/* Begin PBXBuildFile section */
		430338B629F427E1007D3265 /* UpdateArticleViewController.swift in Sources */ = {isa = PBXBuildFile; fileRef = 430338B529F427E1007D3265 /* UpdateArticleViewController.swift */; };
		430B283029BB4A08009DDF73 /* IQKeyboardManagerSwift in Frameworks */ = {isa = PBXBuildFile; productRef = 430B282F29BB4A08009DDF73 /* IQKeyboardManagerSwift */; };
		430B283229BB4A51009DDF73 /* LoginViewController.swift in Sources */ = {isa = PBXBuildFile; fileRef = 430B283129BB4A51009DDF73 /* LoginViewController.swift */; };
		430B283429BB4BA7009DDF73 /* RegisterViewController.swift in Sources */ = {isa = PBXBuildFile; fileRef = 430B283329BB4BA7009DDF73 /* RegisterViewController.swift */; };
		432AA20129D0CB4200E22949 /* GradientView.swift in Sources */ = {isa = PBXBuildFile; fileRef = 432AA20029D0CB4200E22949 /* GradientView.swift */; };
		432AA20329D0CBB400E22949 /* ArticleViewController.swift in Sources */ = {isa = PBXBuildFile; fileRef = 432AA20229D0CBB300E22949 /* ArticleViewController.swift */; };
		4384C3B129E8DADF00F09597 /* FirebaseFunctions in Frameworks */ = {isa = PBXBuildFile; productRef = 4384C3B029E8DADF00F09597 /* FirebaseFunctions */; };
		438CBEB829C14385008F742E /* NewArticleViewController.swift in Sources */ = {isa = PBXBuildFile; fileRef = 438CBEB729C14385008F742E /* NewArticleViewController.swift */; };
		43AECF5F29DCF42C00DBDC34 /* welcomeVideo.mp4 in Resources */ = {isa = PBXBuildFile; fileRef = 43AECF5E29DCF42C00DBDC34 /* welcomeVideo.mp4 */; };
		43AFB33329BF69B20016F657 /* GoogleService-Info.plist in Resources */ = {isa = PBXBuildFile; fileRef = 43AFB33229BF69B20016F657 /* GoogleService-Info.plist */; };
		43AFB33629BF6A470016F657 /* FirebaseAuth in Frameworks */ = {isa = PBXBuildFile; productRef = 43AFB33529BF6A470016F657 /* FirebaseAuth */; };
		43AFB33829BF6A470016F657 /* FirebaseFirestore in Frameworks */ = {isa = PBXBuildFile; productRef = 43AFB33729BF6A470016F657 /* FirebaseFirestore */; };
		43AFB33A29BF730F0016F657 /* AccountViewController.swift in Sources */ = {isa = PBXBuildFile; fileRef = 43AFB33929BF730F0016F657 /* AccountViewController.swift */; };
		43AFB33E29BF797E0016F657 /* NewsArticle.swift in Sources */ = {isa = PBXBuildFile; fileRef = 43AFB33D29BF797E0016F657 /* NewsArticle.swift */; };
		43AFB34029BF7C560016F657 /* NewsViewController.swift in Sources */ = {isa = PBXBuildFile; fileRef = 43AFB33F29BF7C560016F657 /* NewsViewController.swift */; };
		43E6466129D4D0530089408B /* VerticleTopAlignLabel.swift in Sources */ = {isa = PBXBuildFile; fileRef = 43E6466029D4D0530089408B /* VerticleTopAlignLabel.swift */; };
		43E7801C29BA934600D3ADD7 /* AppDelegate.swift in Sources */ = {isa = PBXBuildFile; fileRef = 43E7801B29BA934600D3ADD7 /* AppDelegate.swift */; };
		43E7801E29BA934600D3ADD7 /* SceneDelegate.swift in Sources */ = {isa = PBXBuildFile; fileRef = 43E7801D29BA934600D3ADD7 /* SceneDelegate.swift */; };
		43E7802029BA934600D3ADD7 /* ViewController.swift in Sources */ = {isa = PBXBuildFile; fileRef = 43E7801F29BA934600D3ADD7 /* ViewController.swift */; };
		43E7802329BA934600D3ADD7 /* Main.storyboard in Resources */ = {isa = PBXBuildFile; fileRef = 43E7802129BA934600D3ADD7 /* Main.storyboard */; };
		43E7802529BA934700D3ADD7 /* Assets.xcassets in Resources */ = {isa = PBXBuildFile; fileRef = 43E7802429BA934700D3ADD7 /* Assets.xcassets */; };
		43E7802829BA934700D3ADD7 /* LaunchScreen.storyboard in Resources */ = {isa = PBXBuildFile; fileRef = 43E7802629BA934700D3ADD7 /* LaunchScreen.storyboard */; };
		43ECCAE929D64192008F062F /* SelectedArticle.swift in Sources */ = {isa = PBXBuildFile; fileRef = 43ECCAE829D64192008F062F /* SelectedArticle.swift */; };
		43ED592729BE929700CEDD06 /* NewsCell.swift in Sources */ = {isa = PBXBuildFile; fileRef = 43ED592529BE929700CEDD06 /* NewsCell.swift */; };
		43ED592829BE929700CEDD06 /* NewsCell.xib in Resources */ = {isa = PBXBuildFile; fileRef = 43ED592629BE929700CEDD06 /* NewsCell.xib */; };
/* End PBXBuildFile section */

/* Begin PBXFileReference section */
		430338B529F427E1007D3265 /* UpdateArticleViewController.swift */ = {isa = PBXFileReference; lastKnownFileType = sourcecode.swift; path = UpdateArticleViewController.swift; sourceTree = "<group>"; };
		430B283129BB4A51009DDF73 /* LoginViewController.swift */ = {isa = PBXFileReference; lastKnownFileType = sourcecode.swift; path = LoginViewController.swift; sourceTree = "<group>"; };
		430B283329BB4BA7009DDF73 /* RegisterViewController.swift */ = {isa = PBXFileReference; lastKnownFileType = sourcecode.swift; path = RegisterViewController.swift; sourceTree = "<group>"; };
		432AA20029D0CB4200E22949 /* GradientView.swift */ = {isa = PBXFileReference; lastKnownFileType = sourcecode.swift; path = GradientView.swift; sourceTree = "<group>"; };
		432AA20229D0CBB300E22949 /* ArticleViewController.swift */ = {isa = PBXFileReference; lastKnownFileType = sourcecode.swift; path = ArticleViewController.swift; sourceTree = "<group>"; };
		438CBEB729C14385008F742E /* NewArticleViewController.swift */ = {isa = PBXFileReference; lastKnownFileType = sourcecode.swift; path = NewArticleViewController.swift; sourceTree = "<group>"; };
		43AECF5E29DCF42C00DBDC34 /* welcomeVideo.mp4 */ = {isa = PBXFileReference; lastKnownFileType = file; path = welcomeVideo.mp4; sourceTree = "<group>"; };
		43AFB33229BF69B20016F657 /* GoogleService-Info.plist */ = {isa = PBXFileReference; fileEncoding = 4; lastKnownFileType = text.plist.xml; path = "GoogleService-Info.plist"; sourceTree = "<group>"; };
		43AFB33929BF730F0016F657 /* AccountViewController.swift */ = {isa = PBXFileReference; lastKnownFileType = sourcecode.swift; path = AccountViewController.swift; sourceTree = "<group>"; };
		43AFB33D29BF797E0016F657 /* NewsArticle.swift */ = {isa = PBXFileReference; lastKnownFileType = sourcecode.swift; path = NewsArticle.swift; sourceTree = "<group>"; };
		43AFB33F29BF7C560016F657 /* NewsViewController.swift */ = {isa = PBXFileReference; lastKnownFileType = sourcecode.swift; path = NewsViewController.swift; sourceTree = "<group>"; };
		43E6466029D4D0530089408B /* VerticleTopAlignLabel.swift */ = {isa = PBXFileReference; lastKnownFileType = sourcecode.swift; path = VerticleTopAlignLabel.swift; sourceTree = "<group>"; };
		43E7801829BA934600D3ADD7 /* ATP_Football.app */ = {isa = PBXFileReference; explicitFileType = wrapper.application; includeInIndex = 0; path = ATP_Football.app; sourceTree = BUILT_PRODUCTS_DIR; };
		43E7801B29BA934600D3ADD7 /* AppDelegate.swift */ = {isa = PBXFileReference; lastKnownFileType = sourcecode.swift; path = AppDelegate.swift; sourceTree = "<group>"; };
		43E7801D29BA934600D3ADD7 /* SceneDelegate.swift */ = {isa = PBXFileReference; lastKnownFileType = sourcecode.swift; path = SceneDelegate.swift; sourceTree = "<group>"; };
		43E7801F29BA934600D3ADD7 /* ViewController.swift */ = {isa = PBXFileReference; lastKnownFileType = sourcecode.swift; path = ViewController.swift; sourceTree = "<group>"; };
		43E7802229BA934600D3ADD7 /* Base */ = {isa = PBXFileReference; lastKnownFileType = file.storyboard; name = Base; path = Base.lproj/Main.storyboard; sourceTree = "<group>"; };
		43E7802429BA934700D3ADD7 /* Assets.xcassets */ = {isa = PBXFileReference; lastKnownFileType = folder.assetcatalog; path = Assets.xcassets; sourceTree = "<group>"; };
		43E7802729BA934700D3ADD7 /* Base */ = {isa = PBXFileReference; lastKnownFileType = file.storyboard; name = Base; path = Base.lproj/LaunchScreen.storyboard; sourceTree = "<group>"; };
		43E7802929BA934700D3ADD7 /* Info.plist */ = {isa = PBXFileReference; lastKnownFileType = text.plist.xml; path = Info.plist; sourceTree = "<group>"; };
		43ECCAE829D64192008F062F /* SelectedArticle.swift */ = {isa = PBXFileReference; lastKnownFileType = sourcecode.swift; path = SelectedArticle.swift; sourceTree = "<group>"; };
		43ED592529BE929700CEDD06 /* NewsCell.swift */ = {isa = PBXFileReference; lastKnownFileType = sourcecode.swift; path = NewsCell.swift; sourceTree = "<group>"; };
		43ED592629BE929700CEDD06 /* NewsCell.xib */ = {isa = PBXFileReference; lastKnownFileType = file.xib; path = NewsCell.xib; sourceTree = "<group>"; };
/* End PBXFileReference section */

/* Begin PBXFrameworksBuildPhase section */
		43E7801529BA934600D3ADD7 /* Frameworks */ = {
			isa = PBXFrameworksBuildPhase;
			buildActionMask = 2147483647;
			files = (
				430B283029BB4A08009DDF73 /* IQKeyboardManagerSwift in Frameworks */,
				43AFB33629BF6A470016F657 /* FirebaseAuth in Frameworks */,
				43AFB33829BF6A470016F657 /* FirebaseFirestore in Frameworks */,
				4384C3B129E8DADF00F09597 /* FirebaseFunctions in Frameworks */,
			);
			runOnlyForDeploymentPostprocessing = 0;
		};
/* End PBXFrameworksBuildPhase section */

/* Begin PBXGroup section */
		430B283529BB4BC4009DDF73 /* Views */ = {
			isa = PBXGroup;
			children = (
				43E7801F29BA934600D3ADD7 /* ViewController.swift */,
				430B283329BB4BA7009DDF73 /* RegisterViewController.swift */,
				430B283129BB4A51009DDF73 /* LoginViewController.swift */,
				43AFB33929BF730F0016F657 /* AccountViewController.swift */,
				43AFB33F29BF7C560016F657 /* NewsViewController.swift */,
				438CBEB729C14385008F742E /* NewArticleViewController.swift */,
				432AA20229D0CBB300E22949 /* ArticleViewController.swift */,
				430338B529F427E1007D3265 /* UpdateArticleViewController.swift */,
			);
			path = Views;
			sourceTree = "<group>";
		};
		4384C3AF29E8DADF00F09597 /* Frameworks */ = {
			isa = PBXGroup;
			children = (
			);
			name = Frameworks;
			sourceTree = "<group>";
		};
		43E6465E29D4C2A20089408B /* Videos */ = {
			isa = PBXGroup;
			children = (
				43AECF5E29DCF42C00DBDC34 /* welcomeVideo.mp4 */,
			);
			path = Videos;
			sourceTree = "<group>";
		};
		43E7800F29BA934600D3ADD7 = {
			isa = PBXGroup;
			children = (
				43E7801A29BA934600D3ADD7 /* ATP_Football */,
				43E7801929BA934600D3ADD7 /* Products */,
				4384C3AF29E8DADF00F09597 /* Frameworks */,
			);
			sourceTree = "<group>";
		};
		43E7801929BA934600D3ADD7 /* Products */ = {
			isa = PBXGroup;
			children = (
				43E7801829BA934600D3ADD7 /* ATP_Football.app */,
			);
			name = Products;
			sourceTree = "<group>";
		};
		43E7801A29BA934600D3ADD7 /* ATP_Football */ = {
			isa = PBXGroup;
			children = (
				43E6465E29D4C2A20089408B /* Videos */,
				43E7801B29BA934600D3ADD7 /* AppDelegate.swift */,
				43E7801D29BA934600D3ADD7 /* SceneDelegate.swift */,
				430B283529BB4BC4009DDF73 /* Views */,
				43E7802129BA934600D3ADD7 /* Main.storyboard */,
				43ED592529BE929700CEDD06 /* NewsCell.swift */,
				43ED592629BE929700CEDD06 /* NewsCell.xib */,
				43E7802429BA934700D3ADD7 /* Assets.xcassets */,
				43E7802629BA934700D3ADD7 /* LaunchScreen.storyboard */,
				43E7802929BA934700D3ADD7 /* Info.plist */,
				43AFB33229BF69B20016F657 /* GoogleService-Info.plist */,
				43AFB33D29BF797E0016F657 /* NewsArticle.swift */,
				432AA20029D0CB4200E22949 /* GradientView.swift */,
				43E6466029D4D0530089408B /* VerticleTopAlignLabel.swift */,
				43ECCAE829D64192008F062F /* SelectedArticle.swift */,
			);
			path = ATP_Football;
			sourceTree = "<group>";
		};
/* End PBXGroup section */

/* Begin PBXNativeTarget section */
		43E7801729BA934600D3ADD7 /* ATP_Football */ = {
			isa = PBXNativeTarget;
			buildConfigurationList = 43E7802C29BA934700D3ADD7 /* Build configuration list for PBXNativeTarget "ATP_Football" */;
			buildPhases = (
				43E7801429BA934600D3ADD7 /* Sources */,
				43E7801529BA934600D3ADD7 /* Frameworks */,
				43E7801629BA934600D3ADD7 /* Resources */,
			);
			buildRules = (
			);
			dependencies = (
			);
			name = ATP_Football;
			packageProductDependencies = (
				430B282F29BB4A08009DDF73 /* IQKeyboardManagerSwift */,
				43AFB33529BF6A470016F657 /* FirebaseAuth */,
				43AFB33729BF6A470016F657 /* FirebaseFirestore */,
				4384C3B029E8DADF00F09597 /* FirebaseFunctions */,
			);
			productName = ATP_Football;
			productReference = 43E7801829BA934600D3ADD7 /* ATP_Football.app */;
			productType = "com.apple.product-type.application";
		};
/* End PBXNativeTarget section */

/* Begin PBXProject section */
		43E7801029BA934600D3ADD7 /* Project object */ = {
			isa = PBXProject;
			attributes = {
				BuildIndependentTargetsInParallel = 1;
				LastSwiftUpdateCheck = 1420;
				LastUpgradeCheck = 1420;
				TargetAttributes = {
					43E7801729BA934600D3ADD7 = {
						CreatedOnToolsVersion = 14.2;
					};
				};
			};
			buildConfigurationList = 43E7801329BA934600D3ADD7 /* Build configuration list for PBXProject "ATP_Football" */;
			compatibilityVersion = "Xcode 14.0";
			developmentRegion = en;
			hasScannedForEncodings = 0;
			knownRegions = (
				en,
				Base,
			);
			mainGroup = 43E7800F29BA934600D3ADD7;
			packageReferences = (
				430B282E29BB4A08009DDF73 /* XCRemoteSwiftPackageReference "IQKeyboardManager" */,
				43AFB33429BF6A470016F657 /* XCRemoteSwiftPackageReference "firebase-ios-sdk" */,
			);
			productRefGroup = 43E7801929BA934600D3ADD7 /* Products */;
			projectDirPath = "";
			projectRoot = "";
			targets = (
				43E7801729BA934600D3ADD7 /* ATP_Football */,
			);
		};
/* End PBXProject section */

/* Begin PBXResourcesBuildPhase section */
		43E7801629BA934600D3ADD7 /* Resources */ = {
			isa = PBXResourcesBuildPhase;
			buildActionMask = 2147483647;
			files = (
				43E7802829BA934700D3ADD7 /* LaunchScreen.storyboard in Resources */,
				43E7802529BA934700D3ADD7 /* Assets.xcassets in Resources */,
				43AFB33329BF69B20016F657 /* GoogleService-Info.plist in Resources */,
				43AECF5F29DCF42C00DBDC34 /* welcomeVideo.mp4 in Resources */,
				43ED592829BE929700CEDD06 /* NewsCell.xib in Resources */,
				43E7802329BA934600D3ADD7 /* Main.storyboard in Resources */,
			);
			runOnlyForDeploymentPostprocessing = 0;
		};
/* End PBXResourcesBuildPhase section */

/* Begin PBXSourcesBuildPhase section */
		43E7801429BA934600D3ADD7 /* Sources */ = {
			isa = PBXSourcesBuildPhase;
			buildActionMask = 2147483647;
			files = (
				430B283229BB4A51009DDF73 /* LoginViewController.swift in Sources */,
				43ECCAE929D64192008F062F /* SelectedArticle.swift in Sources */,
				432AA20329D0CBB400E22949 /* ArticleViewController.swift in Sources */,
				430B283429BB4BA7009DDF73 /* RegisterViewController.swift in Sources */,
				432AA20129D0CB4200E22949 /* GradientView.swift in Sources */,
				43E6466129D4D0530089408B /* VerticleTopAlignLabel.swift in Sources */,
				43AFB33A29BF730F0016F657 /* AccountViewController.swift in Sources */,
				43E7802029BA934600D3ADD7 /* ViewController.swift in Sources */,
				43E7801C29BA934600D3ADD7 /* AppDelegate.swift in Sources */,
				438CBEB829C14385008F742E /* NewArticleViewController.swift in Sources */,
				43AFB33E29BF797E0016F657 /* NewsArticle.swift in Sources */,
				43AFB34029BF7C560016F657 /* NewsViewController.swift in Sources */,
				43ED592729BE929700CEDD06 /* NewsCell.swift in Sources */,
				43E7801E29BA934600D3ADD7 /* SceneDelegate.swift in Sources */,
				430338B629F427E1007D3265 /* UpdateArticleViewController.swift in Sources */,
			);
			runOnlyForDeploymentPostprocessing = 0;
		};
/* End PBXSourcesBuildPhase section */

/* Begin PBXVariantGroup section */
		43E7802129BA934600D3ADD7 /* Main.storyboard */ = {
			isa = PBXVariantGroup;
			children = (
				43E7802229BA934600D3ADD7 /* Base */,
			);
			name = Main.storyboard;
			sourceTree = "<group>";
		};
		43E7802629BA934700D3ADD7 /* LaunchScreen.storyboard */ = {
			isa = PBXVariantGroup;
			children = (
				43E7802729BA934700D3ADD7 /* Base */,
			);
			name = LaunchScreen.storyboard;
			sourceTree = "<group>";
		};
/* End PBXVariantGroup section */

/* Begin XCBuildConfiguration section */
		43E7802A29BA934700D3ADD7 /* Debug */ = {
			isa = XCBuildConfiguration;
			buildSettings = {
				ALWAYS_SEARCH_USER_PATHS = NO;
				CLANG_ANALYZER_NONNULL = YES;
				CLANG_ANALYZER_NUMBER_OBJECT_CONVERSION = YES_AGGRESSIVE;
				CLANG_CXX_LANGUAGE_STANDARD = "gnu++20";
				CLANG_ENABLE_MODULES = YES;
				CLANG_ENABLE_OBJC_ARC = YES;
				CLANG_ENABLE_OBJC_WEAK = YES;
				CLANG_WARN_BLOCK_CAPTURE_AUTORELEASING = YES;
				CLANG_WARN_BOOL_CONVERSION = YES;
				CLANG_WARN_COMMA = YES;
				CLANG_WARN_CONSTANT_CONVERSION = YES;
				CLANG_WARN_DEPRECATED_OBJC_IMPLEMENTATIONS = YES;
				CLANG_WARN_DIRECT_OBJC_ISA_USAGE = YES_ERROR;
				CLANG_WARN_DOCUMENTATION_COMMENTS = YES;
				CLANG_WARN_EMPTY_BODY = YES;
				CLANG_WARN_ENUM_CONVERSION = YES;
				CLANG_WARN_INFINITE_RECURSION = YES;
				CLANG_WARN_INT_CONVERSION = YES;
				CLANG_WARN_NON_LITERAL_NULL_CONVERSION = YES;
				CLANG_WARN_OBJC_IMPLICIT_RETAIN_SELF = YES;
				CLANG_WARN_OBJC_LITERAL_CONVERSION = YES;
				CLANG_WARN_OBJC_ROOT_CLASS = YES_ERROR;
				CLANG_WARN_QUOTED_INCLUDE_IN_FRAMEWORK_HEADER = YES;
				CLANG_WARN_RANGE_LOOP_ANALYSIS = YES;
				CLANG_WARN_STRICT_PROTOTYPES = YES;
				CLANG_WARN_SUSPICIOUS_MOVE = YES;
				CLANG_WARN_UNGUARDED_AVAILABILITY = YES_AGGRESSIVE;
				CLANG_WARN_UNREACHABLE_CODE = YES;
				CLANG_WARN__DUPLICATE_METHOD_MATCH = YES;
				COPY_PHASE_STRIP = NO;
				DEBUG_INFORMATION_FORMAT = dwarf;
				ENABLE_STRICT_OBJC_MSGSEND = YES;
				ENABLE_TESTABILITY = YES;
				GCC_C_LANGUAGE_STANDARD = gnu11;
				GCC_DYNAMIC_NO_PIC = NO;
				GCC_NO_COMMON_BLOCKS = YES;
				GCC_OPTIMIZATION_LEVEL = 0;
				GCC_PREPROCESSOR_DEFINITIONS = (
					"DEBUG=1",
					"$(inherited)",
				);
				GCC_WARN_64_TO_32_BIT_CONVERSION = YES;
				GCC_WARN_ABOUT_RETURN_TYPE = YES_ERROR;
				GCC_WARN_UNDECLARED_SELECTOR = YES;
				GCC_WARN_UNINITIALIZED_AUTOS = YES_AGGRESSIVE;
				GCC_WARN_UNUSED_FUNCTION = YES;
				GCC_WARN_UNUSED_VARIABLE = YES;
				IPHONEOS_DEPLOYMENT_TARGET = 16.2;
				MTL_ENABLE_DEBUG_INFO = INCLUDE_SOURCE;
				MTL_FAST_MATH = YES;
				ONLY_ACTIVE_ARCH = YES;
				SDKROOT = iphoneos;
				SWIFT_ACTIVE_COMPILATION_CONDITIONS = DEBUG;
				SWIFT_OPTIMIZATION_LEVEL = "-Onone";
			};
			name = Debug;
		};
		43E7802B29BA934700D3ADD7 /* Release */ = {
			isa = XCBuildConfiguration;
			buildSettings = {
				ALWAYS_SEARCH_USER_PATHS = NO;
				CLANG_ANALYZER_NONNULL = YES;
				CLANG_ANALYZER_NUMBER_OBJECT_CONVERSION = YES_AGGRESSIVE;
				CLANG_CXX_LANGUAGE_STANDARD = "gnu++20";
				CLANG_ENABLE_MODULES = YES;
				CLANG_ENABLE_OBJC_ARC = YES;
				CLANG_ENABLE_OBJC_WEAK = YES;
				CLANG_WARN_BLOCK_CAPTURE_AUTORELEASING = YES;
				CLANG_WARN_BOOL_CONVERSION = YES;
				CLANG_WARN_COMMA = YES;
				CLANG_WARN_CONSTANT_CONVERSION = YES;
				CLANG_WARN_DEPRECATED_OBJC_IMPLEMENTATIONS = YES;
				CLANG_WARN_DIRECT_OBJC_ISA_USAGE = YES_ERROR;
				CLANG_WARN_DOCUMENTATION_COMMENTS = YES;
				CLANG_WARN_EMPTY_BODY = YES;
				CLANG_WARN_ENUM_CONVERSION = YES;
				CLANG_WARN_INFINITE_RECURSION = YES;
				CLANG_WARN_INT_CONVERSION = YES;
				CLANG_WARN_NON_LITERAL_NULL_CONVERSION = YES;
				CLANG_WARN_OBJC_IMPLICIT_RETAIN_SELF = YES;
				CLANG_WARN_OBJC_LITERAL_CONVERSION = YES;
				CLANG_WARN_OBJC_ROOT_CLASS = YES_ERROR;
				CLANG_WARN_QUOTED_INCLUDE_IN_FRAMEWORK_HEADER = YES;
				CLANG_WARN_RANGE_LOOP_ANALYSIS = YES;
				CLANG_WARN_STRICT_PROTOTYPES = YES;
				CLANG_WARN_SUSPICIOUS_MOVE = YES;
				CLANG_WARN_UNGUARDED_AVAILABILITY = YES_AGGRESSIVE;
				CLANG_WARN_UNREACHABLE_CODE = YES;
				CLANG_WARN__DUPLICATE_METHOD_MATCH = YES;
				COPY_PHASE_STRIP = NO;
				DEBUG_INFORMATION_FORMAT = "dwarf-with-dsym";
				ENABLE_NS_ASSERTIONS = NO;
				ENABLE_STRICT_OBJC_MSGSEND = YES;
				GCC_C_LANGUAGE_STANDARD = gnu11;
				GCC_NO_COMMON_BLOCKS = YES;
				GCC_WARN_64_TO_32_BIT_CONVERSION = YES;
				GCC_WARN_ABOUT_RETURN_TYPE = YES_ERROR;
				GCC_WARN_UNDECLARED_SELECTOR = YES;
				GCC_WARN_UNINITIALIZED_AUTOS = YES_AGGRESSIVE;
				GCC_WARN_UNUSED_FUNCTION = YES;
				GCC_WARN_UNUSED_VARIABLE = YES;
				IPHONEOS_DEPLOYMENT_TARGET = 16.2;
				MTL_ENABLE_DEBUG_INFO = NO;
				MTL_FAST_MATH = YES;
				SDKROOT = iphoneos;
				SWIFT_COMPILATION_MODE = wholemodule;
				SWIFT_OPTIMIZATION_LEVEL = "-O";
				VALIDATE_PRODUCT = YES;
			};
			name = Release;
		};
		43E7802D29BA934700D3ADD7 /* Debug */ = {
			isa = XCBuildConfiguration;
			buildSettings = {
				ASSETCATALOG_COMPILER_APPICON_NAME = AppIcon;
				ASSETCATALOG_COMPILER_GLOBAL_ACCENT_COLOR_NAME = AccentColor;
				CODE_SIGN_STYLE = Automatic;
				CURRENT_PROJECT_VERSION = 1;
				DEVELOPMENT_TEAM = PMJPWG4MX2;
				GENERATE_INFOPLIST_FILE = YES;
				INFOPLIST_FILE = ATP_Football/Info.plist;
				INFOPLIST_KEY_CFBundleDisplayName = Euroball;
				INFOPLIST_KEY_UIApplicationSupportsIndirectInputEvents = YES;
				INFOPLIST_KEY_UILaunchStoryboardName = LaunchScreen.storyboard;
				INFOPLIST_KEY_UIMainStoryboardFile = Main;
				INFOPLIST_KEY_UIStatusBarStyle = UIStatusBarStyleLightContent;
				INFOPLIST_KEY_UISupportedInterfaceOrientations = UIInterfaceOrientationPortrait;
				INFOPLIST_KEY_UISupportedInterfaceOrientations_iPad = "UIInterfaceOrientationLandscapeLeft UIInterfaceOrientationLandscapeRight UIInterfaceOrientationPortrait UIInterfaceOrientationPortraitUpsideDown";
				IPHONEOS_DEPLOYMENT_TARGET = 15.0;
				LD_RUNPATH_SEARCH_PATHS = (
					"$(inherited)",
					"@executable_path/Frameworks",
				);
				MARKETING_VERSION = 1.0;
				PRODUCT_BUNDLE_IDENTIFIER = "com.willjones.ATP-Football";
				PRODUCT_NAME = "$(TARGET_NAME)";
				SUPPORTED_PLATFORMS = "iphoneos iphonesimulator";
				SUPPORTS_MACCATALYST = NO;
				SUPPORTS_MAC_DESIGNED_FOR_IPHONE_IPAD = NO;
				SWIFT_EMIT_LOC_STRINGS = YES;
				SWIFT_VERSION = 5.0;
				TARGETED_DEVICE_FAMILY = 1;
			};
			name = Debug;
		};
		43E7802E29BA934700D3ADD7 /* Release */ = {
			isa = XCBuildConfiguration;
			buildSettings = {
				ASSETCATALOG_COMPILER_APPICON_NAME = AppIcon;
				ASSETCATALOG_COMPILER_GLOBAL_ACCENT_COLOR_NAME = AccentColor;
				CODE_SIGN_STYLE = Automatic;
				CURRENT_PROJECT_VERSION = 1;
				DEVELOPMENT_TEAM = PMJPWG4MX2;
				GENERATE_INFOPLIST_FILE = YES;
				INFOPLIST_FILE = ATP_Football/Info.plist;
				INFOPLIST_KEY_CFBundleDisplayName = Euroball;
				INFOPLIST_KEY_UIApplicationSupportsIndirectInputEvents = YES;
				INFOPLIST_KEY_UILaunchStoryboardName = LaunchScreen.storyboard;
				INFOPLIST_KEY_UIMainStoryboardFile = Main;
				INFOPLIST_KEY_UIStatusBarStyle = UIStatusBarStyleLightContent;
				INFOPLIST_KEY_UISupportedInterfaceOrientations = UIInterfaceOrientationPortrait;
				INFOPLIST_KEY_UISupportedInterfaceOrientations_iPad = "UIInterfaceOrientationLandscapeLeft UIInterfaceOrientationLandscapeRight UIInterfaceOrientationPortrait UIInterfaceOrientationPortraitUpsideDown";
				IPHONEOS_DEPLOYMENT_TARGET = 15.0;
				LD_RUNPATH_SEARCH_PATHS = (
					"$(inherited)",
					"@executable_path/Frameworks",
				);
				MARKETING_VERSION = 1.0;
				PRODUCT_BUNDLE_IDENTIFIER = "com.willjones.ATP-Football";
				PRODUCT_NAME = "$(TARGET_NAME)";
				SUPPORTED_PLATFORMS = "iphoneos iphonesimulator";
				SUPPORTS_MACCATALYST = NO;
				SUPPORTS_MAC_DESIGNED_FOR_IPHONE_IPAD = NO;
				SWIFT_EMIT_LOC_STRINGS = YES;
				SWIFT_VERSION = 5.0;
				TARGETED_DEVICE_FAMILY = 1;
			};
			name = Release;
		};
/* End XCBuildConfiguration section */

/* Begin XCConfigurationList section */
		43E7801329BA934600D3ADD7 /* Build configuration list for PBXProject "ATP_Football" */ = {
			isa = XCConfigurationList;
			buildConfigurations = (
				43E7802A29BA934700D3ADD7 /* Debug */,
				43E7802B29BA934700D3ADD7 /* Release */,
			);
			defaultConfigurationIsVisible = 0;
			defaultConfigurationName = Release;
		};
		43E7802C29BA934700D3ADD7 /* Build configuration list for PBXNativeTarget "ATP_Football" */ = {
			isa = XCConfigurationList;
			buildConfigurations = (
				43E7802D29BA934700D3ADD7 /* Debug */,
				43E7802E29BA934700D3ADD7 /* Release */,
			);
			defaultConfigurationIsVisible = 0;
			defaultConfigurationName = Release;
		};
/* End XCConfigurationList section */

/* Begin XCRemoteSwiftPackageReference section */
		430B282E29BB4A08009DDF73 /* XCRemoteSwiftPackageReference "IQKeyboardManager" */ = {
			isa = XCRemoteSwiftPackageReference;
			repositoryURL = "https://github.com/hackiftekhar/IQKeyboardManager";
			requirement = {
				branch = master;
				kind = branch;
			};
		};
		43AFB33429BF6A470016F657 /* XCRemoteSwiftPackageReference "firebase-ios-sdk" */ = {
			isa = XCRemoteSwiftPackageReference;
			repositoryURL = "https://github.com/firebase/firebase-ios-sdk.git";
			requirement = {
				kind = upToNextMajorVersion;
				minimumVersion = 9.0.0;
			};
		};
/* End XCRemoteSwiftPackageReference section */

/* Begin XCSwiftPackageProductDependency section */
		430B282F29BB4A08009DDF73 /* IQKeyboardManagerSwift */ = {
			isa = XCSwiftPackageProductDependency;
			package = 430B282E29BB4A08009DDF73 /* XCRemoteSwiftPackageReference "IQKeyboardManager" */;
			productName = IQKeyboardManagerSwift;
		};
		4384C3B029E8DADF00F09597 /* FirebaseFunctions */ = {
			isa = XCSwiftPackageProductDependency;
			package = 43AFB33429BF6A470016F657 /* XCRemoteSwiftPackageReference "firebase-ios-sdk" */;
			productName = FirebaseFunctions;
		};
		43AFB33529BF6A470016F657 /* FirebaseAuth */ = {
			isa = XCSwiftPackageProductDependency;
			package = 43AFB33429BF6A470016F657 /* XCRemoteSwiftPackageReference "firebase-ios-sdk" */;
			productName = FirebaseAuth;
		};
		43AFB33729BF6A470016F657 /* FirebaseFirestore */ = {
			isa = XCSwiftPackageProductDependency;
			package = 43AFB33429BF6A470016F657 /* XCRemoteSwiftPackageReference "firebase-ios-sdk" */;
			productName = FirebaseFirestore;
		};
/* End XCSwiftPackageProductDependency section */
	};
	rootObject = 43E7801029BA934600D3ADD7 /* Project object */;
}
